PODS:
  - Flutter (1.0.0)
  - flutter_appclip_keychain (0.0.1):
    - Flutter

DEPENDENCIES:
  - Flutter (from `Flutter`)
  - flutter_appclip_keychain (from `.symlinks/plugins/flutter_appclip_keychain/ios`)

EXTERNAL SOURCES:
  Flutter:
    :path: Flutter
  flutter_appclip_keychain:
    :path: ".symlinks/plugins/flutter_appclip_keychain/ios"

SPEC CHECKSUMS:
  Flutter: f04841e97a9d0b0a8025694d0796dd46242b2854
  flutter_appclip_keychain: 66edbd9da0025bd67c35f611058899e60c149058

PODFILE CHECKSUM: 7368163408c647b7eb699d0d788ba6718e18fb8d

COCOAPODS: 1.11.3
